{
  "name": "kalenski-card-empire",
  "version": "0.0.0",
  "lockfileVersion": 3,
  "requires": true,
  "packages": {
    "": {
      "name": "kalenski-card-empire",
      "version": "0.0.0",
      "dependencies": {
        "@supabase/supabase-js": "^2.57.4",
        "react": "^19.2.7",
        "react-dom": "^19.2.7",
        "react-router-dom": "^7.18.1",
        "tesseract.js": "^6.0.1"
      },
      "devDependencies": {
        "@eslint/js": "^10.0.1",
        "@types/react": "^19.2.17",
        "@types/react-dom": "^19.2.3",
        "@vitejs/plugin-react": "^6.0.3",
        "eslint": "^10.6.0",
        "eslint-plugin-react-hooks": "^7.1.1",
        "eslint-plugin-react-refresh": "^0.5.3",
        "globals": "^17.7.0",
        "vite": "^8.1.1"
      }
    },
    "node_modules/@babel/code-frame": {
      "version": "7.29.7",
      "resolved": "https://registry.npmjs.org/@babel/code-frame/-/code-frame-7.29.7.tgz",
      "integrity": "sha512-Aup7aUOfpbAUg2ROOJN6Iw5f9DMBlzu0mIkm/malLQFN/YQgO48wCj0Kxa3sEHJvPVFg7siR+qRInwXd2qhQKw==",
      "dev": true,
      "license": "MIT",
      "dependencies": {
        "@babel/helper-validator-identifier": "^7.29.7",
        "js-tokens": "^4.0.0",
        "picocolors": "^1.1.1"
      },
      "engines": {
        "node": ">=6.9.0"
      }
    },
    "node_modules/@babel/compat-data": {
      "version": "7.29.7",
      "resolved": "https://registry.npmjs.org/@babel/compat-data/-/compat-data-7.29.7.tgz",
      "integrity": "sha512-locTkQyKvwIEgBzVrn8693ebc97F2U8ZHjbXwDXJ5Fn2TCpNwTlKcaKLkdHop5c/icOFE7qt7Q9JC5hnKNa6Gg==",
      "dev": true,
      "license": "MIT",
      "engines": {
        "node": ">=6.9.0"
      }
    },
    "node_modules/@babel/core": {
      "version": "7.29.7",
      "resolved": "https://registry.npmjs.org/@babel/core/-/core-7.29.7.tgz",
      "integrity": "sha512-RgHBCvtjbOK2gXSNBNIkNoEc9qoVEtau3hj8gEqKQuL3HZAibKarWFEI3Lfm6EYKkLalOh8eSrj9b+ch9H/VBA==",
      "dev": true,
      "license": "MIT",
      "dependencies": {
        "@babel/code-frame": "^7.29.7",
        "@babel/generator": "^7.29.7",
        "@babel/helper-compilation-targets": "^7.29.7",
        "@babel/helper-module-transforms": "^7.29.7",
        "@babel/helpers": "^7.29.7",
        "@babel/parser": "^7.29.7",
        "@babel/template": "^7.29.7",
        "@babel/traverse": "^7.29.7",
        "@babel/types": "^7.29.7",
        "@jridgewell/remapping": "^2.3.5",
        "convert-source-map": "^2.0.0",
        "debug": "^4.1.0",
        "gensync": "^1.0.0-beta.2",
        "json5": "^2.2.3",
        "semver": "^6.3.1"
      },
      "engines": {
        "node": ">=6.9.0"
      },
      "funding": {
        "type": "opencollective",
        "url": "https://opencollective.com/babel"
      }
    },
    "node_modules/@babel/generator": {
      "version": "7.29.7",
      "resolved": "https://registry.npmjs.org/@babel/generator/-/generator-7.29.7.tgz",
      "integrity": "sha512-DkXD5OJQaAQIdZ1bt3UZdEnHAn9Imd3IVBdX03UFe+ony9Ojw5pzr9YVKGDY1jt+Gcn/FnGkNf8r+Vj5NOJWtQ==",
      "dev": true,
      "license": "MIT",
      "dependencies": {
        "@babel/parser": "^7.29.7",
        "@babel/types": "^7.29.7",
        "@jridgewell/gen-mapping": "^0.3.12",
        "@jridgewell/trace-mapping": "^0.3.28",
        "jsesc": "^3.0.2"
      },
      "engines": {
        "node": ">=6.9.0"
      }
    },
    "node_modules/@babel/helper-compilation-targets": {
      "version": "7.29.7",
      "resolved": "https://registry.npmjs.org/@babel/helper-compilation-targets/-/helper-compilation-targets-7.29.7.tgz",
      "integrity": "sha512-wem6WaBj4NaVYVdNhLPPVacES6ZJ+KBBfSkTMD3YZxbP3rm3Di85tJU5ljaUNhaOynt+Aj0xruhYuzQBt8n71g==",
      "dev": true,
      "license": "MIT",
      "dependencies": {
        "@babel/compat-data": "^7.29.7",
        "@babel/helper-validator-option": "^7.29.7",
        "browserslist": "^4.24.0",
        "lru-cache": "^5.1.1",
        "semver": "^6.3.1"
      },
      "engines": {
        "node": ">=6.9.0"
      }
    },
    "node_modules/@babel/helper-globals": {
      "version": "7.29.7",
      "resolved": "https://registry.npmjs.org/@babel/helper-globals/-/helper-globals-7.29.7.tgz",
      "integrity": "sha512-3nQVUAtvkKH9zahfWgw96Jc/uFOmjACE1kQz82E2lqWmHBgjzbNlsC22nuQTfahmWeQtTq5nQ/4Nnd2A1wj4zA==",
      "dev": true,
      "license": "MIT",
      "engines": {
        "node": ">=6.9.0"
      }
    },
    "node_modules/@babel/helper-module-imports": {
      "version": "7.29.7",
      "resolved": "https://registry.npmjs.org/@babel/helper-module-imports/-/helper-module-imports-7.29.7.tgz",
      "integrity": "sha512-ejHwrQQYcm9xnTivShn2IDOlIzInN34AXskvq9QicvCtEzq1Vzclu/tKF8Jq1Cg8JG2GL6/EmjgsCT7lXepE3g==",
      "dev": true,
      "license": "MIT",
      "dependencies": {
        "@babel/traverse": "^7.29.7",
        "@babel/types": "^7.29.7"
      },
      "engines": {
        "node": ">=6.9.0"
      }
    },
    "node_modules/@babel/helper-module-transforms": {
      "version": "7.29.7",
      "resolved": "https://registry.npmjs.org/@babel/helper-module-transforms/-/helper-module-transforms-7.29.7.tgz",
      "integrity": "sha512-UPUVSyXbOh627KiCIGQSgwWzGeBKLkaJ9PJEdrngIwMSzxLR4jS4+f1f1jb7VzBbg8nFLaYotvVPFCTqdrmTAg==",
      "dev": true,
      "license": "MIT",
      "dependencies": {
        "@babel/helper-module-imports": "^7.29.7",
        "@babel/helper-validator-identifier": "^7.29.7",
        "@babel/traverse": "^7.29.7"
      },
      "engines": {
        "node": ">=6.9.0"
      },
      "peerDependencies": {
        "@babel/core": "^7.0.0"
      }
    },
    "node_modules/@babel/helper-string-parser": {
      "version": "7.29.7",
      "resolved": "https://registry.npmjs.org/@babel/helper-string-parser/-/helper-string-parser-7.29.7.tgz",
      "integrity": "sha512-Pb5ijPrZ89GDH8223L4UP8i6QApWxs04RbPQJTeWDV0/keR2E36MeKnyr6LYmUUvqRRI+Iv87SuF1W6ErINzYw==",
      "dev": true,
      "license": "MIT",
      "engines": {
        "node": ">=6.9.0"
      }
    },
    "node_modules/@babel/helper-validator-identifier": {
      "version": "7.29.7",
      "resolved": "https://registry.npmjs.org/@babel/helper-validator-identifier/-/helper-validator-identifier-7.29.7.tgz",
      "integrity": "sha512-qehxGkRj55h/ff8EMaJ+cYhyaKlHIxqYDn682wQD7RNp9UujOQsHog2uS0r2vzr4pW+sXf90NeeayjcNaX3fFg==",
      "dev": true,
      "license": "MIT",
      "engines": {
        "node": ">=6.9.0"
      }
    },
    "node_modules/@babel/helper-validator-option": {
      "version": "7.29.7",
      "resolved": "https://registry.npmjs.org/@babel/helper-validator-option/-/helper-validator-option-7.29.7.tgz",
      "integrity": "sha512-N9ZErrD+yW5geCDtBqnOoxmR8+tNKiGuxKlDpuJxfsqpa2dFcexaziGAE/qoHLiDDreVNMupxGmSoNlyvsA3gw==",
      "dev": true,
      "license": "MIT",
      "engines": {
        "node": ">=6.9.0"
      }
    },
    "node_modules/@babel/helpers": {
      "version": "7.29.7",
      "resolved": "https://registry.npmjs.org/@babel/helpers/-/helpers-7.29.7.tgz",
      "integrity": "sha512-1k2lAGRMfHTcwuNYcCNUmaUffmQv8KWMfh2iJUUeRlwlwH4FdNG7mfPI10NPfLHJFThE4Tyr4mv7kTNZOiPuBg==",
      "dev": true,
      "license": "MIT",
      "dependencies": {
        "@babel/template": "^7.29.7",
        "@babel/types": "^7.29.7"
      },
      "engines": {
        "node": ">=6.9.0"
      }
    },
    "node_modules/@babel/parser": {
      "version": "7.29.7",
      "resolved": "https://registry.npmjs.org/@babel/parser/-/parser-7.29.7.tgz",
      "integrity": "sha512-hnORnjP/1P/zFEndoeX+n+t1RwWRJiJpM/jO7FW32Kn9r5+sJB2JWOdYo4L6k78j15eCwY3Gm/7364B1EMwtNg==",
      "dev": true,
      "license": "MIT",
      "dependencies": {
        "@babel/types": "^7.29.7"
      },
      "bin": {
        "parser": "bin/babel-parser.js"
      },
      "engines": {
        "node": ">=6.0.0"
      }
    },
    "node_modules/@babel/template": {
      "version": "7.29.7",
      "resolved": "https://registry.npmjs.org/@babel/template/-/template-7.29.7.tgz",
      "integrity": "sha512-puq+Gf35oI24FeN11LkoUQFqv9uwNeWpxXZi/Ji3rRIoKAzKnxRaZ+Gkj0vKS9ZCiTESfng1N9LyOyXvo+m+Gg==",
      "dev": true,
      "license": "MIT",
      "dependencies": {
        "@babel/code-frame": "^7.29.7",
        "@babel/parser": "^7.29.7",
        "@babel/types": "^7.29.7"
      },
      "engines": {
        "node": ">=6.9.0"
      }
    },
    "node_modules/@babel/traverse": {
      "version": "7.29.7",
      "resolved": "https://registry.npmjs.org/@babel/traverse/-/traverse-7.29.7.tgz",
      "integrity": "sha512-EhlfNQtZ+NK22w5BM61ciuiq1m58ed33Wr1Xan//ZRTy6hgjnwyCffRYwuç~4ÖÚ$z{-®éÜj×(€Ù}É½±”ÁÕ‰±¥Œ¹…ÁÁ}É½±”ì(€Ù}Ù¥Á}Õ¹Ñ¥°Ñ¥µ•ÍÑ…µÁÑèì(€Ù}Á½¥¹ÑÌ¥¹Ñ••Èì(€Ù}ÁÕÉ¡…Í•Ì¥¹Ñ••Èì(€Ù}™É••}É•‘¥ÑÌ¥¹Ñ••Èì(€Ù}Á½¥¹ÑÍ}•…É¹•¥¹Ñ••Èì(€Ù}¹•Ý}Á½¥¹ÑÌ¥¹Ñ••Èì(€Ù}¹•Ý}Ù¥Á}Õ¹Ñ¥°Ñ¥µ•ÍÑ…µÁÑèì(€Ù}Á…ÍÍ•Ì¥¹Ñ••Èì(€Ù}±¥¹”É•½Éì(€Ù}…É‘}¹…µ”Ñ•áÐì(€Ù}…É‘}ÁÉ¥”¹Õµ•É¥Œì(€Ù}…É‘}ÍÑ½¬¥¹Ñ••Èì)‰•¥¸(€Ù}ÅÕ½Ñ”€èôÁÕ‰±¥Œ¹ÅÕ½Ñ•}…ÉÐ¡Á}¥Ñ•µÌ°Á}½‘”°Á}É•‘••µ}…É‘}¥¤ì(€Ù}Ñ½Ñ…°€èô€¡Ù}ÅÕ½Ñ”´øøÑ½Ñ…°œ¤èé¹Õµ•É¥Œì(€Ù}ÍÕ‰Ñ½Ñ…°€èô€¡Ù}ÅÕ½Ñ”´øøÍÕ‰Ñ½Ñ…°œ¤èé¹Õµ•É¥Œì(€Ù}‘¥Í½Õ¹Ñ}Á•É•¹Ð€èô€¡Ù}ÅÕ½Ñ”´øø‘¥Í½Õ¹Ñ}Á•É•¹Ðœ¤èé¹Õµ•É¥Œì(€Ù}‘¥Í½Õ¹Ñ}±…‰•°€èôÙ}ÅÕ½Ñ”´øø‘¥Í½Õ¹Ñ}±…‰•°œì(€Ù}™É••}Ù…±Õ”€èô€¡Ù}ÅÕ½Ñ”´øø™É••}Ù…±Õ”œ¤èé¹Õµ•É¥Œì((€¥˜Á}•áÁ•Ñ•‘}Ñ½Ñ…°¥Ì¹Õ±°½ÈÁ}•áÁ•Ñ•‘}Ñ½Ñ…°€ðøÙ}Ñ½Ñ…°Ñ¡•¸(€€€É…¥Í”•á•ÁÑ¥½¸€Q¡”…ÉÐÁÉ¥”¡…¹•¸I•™É•Í Ñ¡”ÅÕ½Ñ”…¹ÑÉä……¥¸¸œì(€•¹¥˜ì((€Í•±•ÐÉ½±”°Ù¥Á}Õ¹Ñ¥°°±½å…±Ñå}Á½¥¹ÑÌ°±½å…±Ñå}ÁÕÉ¡…Í•Ì°±½å…±Ñå}™É••}…É‘}É•‘¥ÑÌ(€¥¹Ñ¼Ù}É½±”°Ù}Ù¥Á}Õ¹Ñ¥°°Ù}Á½¥¹ÑÌ°Ù}ÁÕÉ¡…Í•Ì°Ù}™É••}É•‘¥ÑÌ(€™É½´ÁÕ‰±¥Œ¹ÁÉ½™¥±•ÌÝ¡•É”¥€ô…ÕÑ ¹Õ¥ ¤™½ÈÕÁ‘…Ñ”ì((€™½ÈÙ}±¥¹”¥¸(€€€Í•±•Ðà¹…É‘}¥°ÍÕ´¡à¹ÅÕ…¹Ñ¥Ñä¤èé¥¹Ñ••È…ÌÉ•ÅÕ•ÍÑ•(€€€™É½´©Í½¹‰}Ñ½}É•½É‘Í•Ð¡Á}¥Ñ•µÌ¤…Ìà¡…É‘}¥ÕÕ¥°ÅÕ…¹Ñ¥Ñä¥¹Ñ••È¤(€€€É½ÕÀ‰äà¹…É‘}¥(€€€½É‘•È‰äà¹…É‘}¥(€±½½À(€€€Í•±•Ð¹…µ”°ÁÉ¥”°ÅÕ…¹Ñ¥Ñä¥¹Ñ¼Ù}…É‘}¹…µ”°Ù}…É‘}ÁÉ¥”°Ù}…É‘}ÍÑ½¬(€€€™É½´ÁÕ‰±¥Œ¹…É‘ÌÝ¡•É”¥€ôÙ}±¥¹”¹…É‘}¥™½ÈÕÁ‘…Ñ”ì(€€€¥˜Ù}…É‘}¹…µ”¥Ì¹Õ±°Ñ¡•¸É…¥Í”•á•ÁÑ¥½¸€…É¥¸å½ÕÈ…ÉÐ¹¼±½¹•È•á¥ÍÑÌ¸œì•¹¥˜ì(€€€¥˜Ù}±¥¹”¹É•ÅÕ•ÍÑ•€ð€Ä½ÈÙ}±¥¹”¹É•ÅÕ•ÍÑ•€øÙ}…É‘}ÍÑ½¬Ñ¡•¸É…¥Í”•á•ÁÑ¥½¸€MÑ½¬¡…¹•™½È€”¸œ°Ù}…É‘}¹…µ”ì•¹¥˜ì((€€€ÕÁ‘…Ñ”ÁÕ‰±¥Œ¹…É‘ÌÍ•ÐÅÕ…¹Ñ¥Ñä€ôÅÕ…¹Ñ¥Ñä€´Ù}±¥¹”¹É•ÅÕ•ÍÑ•Ý¡•É”¥€ôÙ}±¥¹”¹…É‘}¥ì(€€€¥¹Í•ÉÐ¥¹Ñ¼ÁÕ‰±¥Œ¹ÁÕÉ¡…Í•Ì€¡Á±…å•É}¥°…É‘}¥°…É‘}¹…µ”°ÅÕ…¹Ñ¥Ñä°Á…¥‘}½±°½É‘•É}¥°‘¥Í½Õ¹Ñ}±…‰•°°‘¥Í½Õ¹Ñ}Á•É•¹Ð¤(€€€Ù…±Õ•Ì€ (€€€€€…ÕÑ ¹Õ¥ ¤°Ù}±¥¹”¹…É‘}¥°Ù}…É‘}¹…µ”°Ù}±¥¹”¹É•ÅÕ•ÍÑ•°(€€€€€É½Õ¹¡É•…Ñ•ÍÐ À°Ù}…É‘}ÁÉ¥”€¨Ù}±¥¹”¹É•ÅÕ•ÍÑ•€´…Í”Ý¡•¸Á}É•‘••µ}…É‘}¥€ôÙ}±¥¹”¹…É‘}¥Ñ¡•¸Ù}…É‘}ÁÉ¥”•±Í”€À•¹¤€¨€ ÄÀÀ€´Ù}‘¥Í½Õ¹Ñ}Á•É•¹Ð¤€¼€ÄÀÀ°€È¤°(€€€€€Ù}½É‘•É}¥°Ù}‘¥Í½Õ¹Ñ}±…‰•°°Ù}‘¥Í½Õ¹Ñ}Á•É•¹Ð(€€€€¤ì(€•¹±½½Àì((€Í•±•ÐÍÑÉ¥¹}…œ¡Œ¹¹…µ”ñð…Í”Ý¡•¸à¹ÅÕ…¹Ñ¥Ñä€ø€ÄÑ¡•¸€œƒ\œñðà¹ÅÕ…¹Ñ¥Ñä•±Í”€œœ•¹°€œ°€œ½É‘•È‰äŒ¹¹…µ”¤(€¥¹Ñ¼Ù}ÍÕµµ…Éä(€™É½´©Í½¹‰}Ñ½}É•½É‘Í•Ð¡Á}¥Ñ•µÌ¤…Ìà¡…É‘}¥ÕÕ¥°ÅÕ…¹Ñ¥Ñä¥¹Ñ••È¤(€©½¥¸ÁÕ‰±¥Œ¹…É‘ÌŒ½¸Œ¹¥€ôà¹…É‘}¥ì((€¥˜¹Õ±±¥˜¡ÑÉ¥´¡½…±•Í”¡Á}½‘”°€œœ¤¤°€œœ¤¥Ì¹½Ð¹Õ±°…¹€¡Ù}ÅÕ½Ñ”´øø½‘”œ¤¥Ì¹½Ð¹Õ±°Ñ¡•¸(€€€ÕÁ‘…Ñ”ÁÕ‰±¥Œ¹‘¥Í½Õ¹Ñ}½‘•ÌÍ•ÐÕÍ•}½Õ¹Ð€ôÕÍ•}½Õ¹Ð€¬€ÄÝ¡•É”½‘”€ôÙ}ÅÕ½Ñ”´øø½‘”œì(€•¹¥˜ì((€Ù}Á½¥¹ÑÍ}•…É¹•€èô™±½½È¡Ù}Ñ½Ñ…°€¼€ÄÀÀÀ¤èé¥¹Ñ••È€¨€Èì(€Ù}¹•Ý}Á½¥¹ÑÌ€èôÙ}Á½¥¹ÑÌ€¬Ù}Á½¥¹ÑÍ}•…É¹•ì(€Ù}Á…ÍÍ•Ì€èô™±½½È¡Ù}¹•Ý}Á½¥¹ÑÌ€¼€ÈÀ¤€´™±½½È¡Ù}Á½¥¹ÑÌ€¼€ÈÀ¤ì(€Ù}¹•Ý}Ù¥Á}Õ¹Ñ¥°€èôÙ}Ù¥Á}Õ¹Ñ¥°ì(€¥˜Ù}Á½¥¹ÑÌ€ð€ÔÀ…¹Ù}¹•Ý}Á½¥¹ÑÌ€øô€ÔÀÑ¡•¸Ù}¹•Ý}Ù¥Á}Õ¹Ñ¥°€èôÉ•…Ñ•ÍÐ¡½…±•Í”¡Ù}Ù¥Á}Õ¹Ñ¥°°¹½Ü ¤¤°¹½Ü ¤¤€¬¥¹Ñ•ÉÙ…°€œÜ‘…åÌœì•¹¥˜ì(€¥˜Ù}Á½¥¹ÑÌ€ð€ÄÀÀ…¹Ù}¹•Ý}Á½¥¹ÑÌ€øô€ÄÀÀÑ¡•¸Ù}¹•Ý}Ù¥Á}Õ¹Ñ¥°€èôÉ•…Ñ•ÍÐ¡½…±•Í”¡Ù}¹•Ý}Ù¥Á}Õ¹Ñ¥°°¹½Ü ¤¤°¹½Ü ¤¤€¬¥¹Ñ•ÉÙ…°€œÌÀ‘…åÌœì•¹¥˜ì((€ÕÁ‘…Ñ”ÁÕ‰±¥Œ¹ÁÉ½™¥±•ÌÍ•Ð(€€€±½å…±Ñå}Á½¥¹ÑÌ€ôÙ}¹•Ý}Á½¥¹ÑÌ°(€€€±½å…±Ñå}ÁÕÉ¡…Í•Ì€ôÙ}ÁÕÉ¡…Í•Ì€¬€¡Ù}ÅÕ½Ñ”´øø…É‘}½Õ¹Ðœ¤èé¥¹Ñ••È°(€€€±½å…±Ñå}™É••}…É‘}É•‘¥ÑÌ€ôÙ}™É••}É•‘¥ÑÌ€´…Í”Ý¡•¸Á}É•‘••µ}…É‘}¥¥Ì¹Õ±°Ñ¡•¸€À•±Í”€Ä•¹€¬Ù}Á…ÍÍ•Ì°(€€€Ù¥Á}Õ¹Ñ¥°€ôÙ}¹•Ý}Ù¥Á}Õ¹Ñ¥°(€Ý¡•É”¥€ô…ÕÑ ¹Õ¥ ¤ì((€¥¹Í•ÉÐ¥¹Ñ¼ÁÕ‰±¥Œ¹ÁÕÉ¡…Í•}¡…ÑÌ€¡‰Õå•É}¥°…É‘}ÍÕµµ…Éä¤Ù…±Õ•Ì€¡…ÕÑ ¹Õ¥ ¤°Ù}ÍÕµµ…Éä¤É•ÑÕÉ¹¥¹œ¥¥¹Ñ¼Ù}¡…Ñ}¥ì(€¥¹Í•ÉÐ¥¹Ñ¼ÁÕ‰±¥Œ¹ÁÕÉ¡…Í•}¡…Ñ}µ•ÍÍ…•Ì€¡¡…Ñ}¥°Í•¹‘•É}¥°‰½‘ä°¥Í}ÍåÍÑ•´¤(€Ù…±Õ•Ì€¡Ù}¡…Ñ}¥°¹Õ±°°€Q¡…¹¬å½Ô™½Èå½ÕÈ½É‘•È„$œ±°‰”Ý¥Ñ å½ÔÍ¡½ÉÑ±ä…¹ÁÉ½•ÍÌ•Ù•ÉåÑ¡¥¹œ…ÌÍ½½¸…ÌÁ½ÍÍ¥‰±”¸Q¡…¹¬å½Ô™½È¡½½Í¥¹œ…ÉµÁ¥É”„œ°ÑÉÕ”¤ì(€¥¹Í•ÉÐ¥¹Ñ¼ÁÕ‰±¥Œ¹¹½Ñ¥™¥…Ñ¥½¹Ì€¡Á±…å•É}¥°µ•ÍÍ…”¤(€Í•±•Ð¥°€9•ÜÁÕÉ¡…Í”¡…Ðè€œñðÙ}ÍÕµµ…Éä™É½´ÁÕ‰±¥Œ¹ÁÉ½™¥±•ÌÝ¡•É”É½±”€ô€…‘µ¥¸œì(€¥¹Í•ÉÐ¥¹Ñ¼ÁÕ‰±¥Œ¹¹½Ñ¥™¥…Ñ¥½¹Ì€¡Á±…å•É}¥°µ•ÍÍ…”¤(€Ù…±Õ•Ì€¡…ÕÑ ¹Õ¥ ¤°€AÕÉ¡…Í”É•½É‘•è€¬œñðÙ}Á½¥¹ÑÍ}•…É¹•ñð€œµÁ¥É”A½¥¹ÑÌ¸œ¤ì((€É•ÑÕÉ¸Ù}ÅÕ½Ñ”ñð©Í½¹‰}‰Õ¥±‘}½‰©•Ð ¡…Ñ}¥œ°Ù}¡…Ñ}¥°€½É‘•É}¥œ°Ù}½É‘•É}¥°€…É‘}ÍÕµµ…Éäœ°Ù}ÍÕµµ…Éä¤ì)•¹ì(ì()É•…Ñ”½ÈÉ•Á±…”™Õ¹Ñ¥½¸ÁÕ‰±¥Œ¹É•…Ñ•}‰Õ¹‘±•}½™™•È¡Á}¥Ñ•µÌ©Í½¹ˆ°Á}ÁÉ½Á½Í•‘}Ñ½Ñ…°¹Õµ•É¥Œ¤)É•ÑÕÉ¹ÌÕÕ¥)±…¹Õ…”Á±ÁÍÅ°)Í•ÕÉ¥Ñä‘•™¥¹•È)Í•ÐÍ•…É¡}Á…Ñ €ô€œœ)…Ì€)‘•±…É”(€Ù}ÅÕ½Ñ”©Í½¹ˆì(€Ù}¥ÕÕ¥ì)‰•¥¸(€Ù}ÅÕ½Ñ”€èôÁÕ‰±¥Œ¹ÅÕ½Ñ•}…ÉÐ¡Á}¥Ñ•µÌ°¹Õ±°°¹Õ±°¤ì(€¥˜€¡Ù}ÅÕ½Ñ”´øø…É‘}½Õ¹Ðœ¤èé¥¹Ñ••È€ð€ÌÑ¡•¸É…¥Í”•á•ÁÑ¥½¸€	Õ¹‘±”½™™•ÉÌÉ•ÅÕ¥É”…Ð±•…ÍÐÑ¡É•”…É‘Ì¸œì•¹¥˜ì(€¥˜Á}ÁÉ½Á½Í•‘}Ñ½Ñ…°€ðô€ÀÑ¡•¸É…¥Í”•á•ÁÑ¥½¸€¹Ñ•È„Ù…±¥‰Õ¹‘±”Ñ½Ñ…°¸œì•¹¥˜ì(€¥¹Í•ÉÐ¥¹Ñ¼ÁÕ‰±¥Œ¹‰Õ¹‘±•}½™™•ÉÌ€¡‰Õå•É}¥°¥Ñ•µÌ°…É‘}ÍÕµµ…Éä°±¥ÍÑ•‘}Ñ½Ñ…°°ÁÉ½Á½Í•‘}Ñ½Ñ…°¤(€Ù…±Õ•Ì€¡…ÕÑ ¹Õ¥ ¤°Á}¥Ñ•µÌ°€œœ°€¡Ù}ÅÕ½Ñ”´øøÑ½Ñ…°œ¤èé¹Õµ•É¥Œ°Á}ÁÉ½Á½Í•‘}Ñ½Ñ…°¤(€É•ÑÕÉ¹¥¹œ¥¥¹Ñ¼Ù}¥ì(€ÕÁ‘…Ñ”ÁÕ‰±¥Œ¹‰Õ¹‘±•}½™™•ÉÌˆÍ•Ð…É‘}ÍÕµµ…Éä€ô€ (€€€Í•±•ÐÍÑÉ¥¹}…œ¡Œ¹¹…µ”ñð…Í”Ý¡•¸à¹ÅÕ…¹Ñ¥Ñä€ø€ÄÑ¡•¸€œƒ\œñðà¹ÅÕ…¹Ñ¥Ñä•±Í”€œœ•¹°€œ°€œ½É‘•È‰äŒ¹¹…µ”¤(€€€™É½´©Í½¹‰}Ñ½}É•½É‘Í•Ð¡ˆ¹¥Ñ•µÌ¤…Ìà¡…É‘}¥ÕÕ¥°ÅÕ…¹Ñ¥Ñä¥¹Ñ••È¤(€€€©½¥¸ÁÕ‰±¥Œ¹…É‘ÌŒ½¸Œ¹¥€ôà¹…É‘}¥(€€¤Ý¡•É”ˆ¹¥€ôÙ}¥ì(€¥¹Í•ÉÐ¥¹Ñ¼ÁÕ‰±¥Œ¹¹½Ñ¥™¥…Ñ¥½¹Ì€¡Á±…å•É}¥°µ•ÍÍ…”¤(€Í•±•Ð¥°€9•Ü‰Õ¹‘±”½™™•È™½È€œñð€¡Ù}ÅÕ½Ñ”´øø…É‘}½Õ¹Ðœ¤ñð€œ…É‘Ì¸œ™É½´ÁÕ‰±¥Œ¹ÁÉ½™¥±•ÌÝ¡•É”É½±”€ô€…‘µ¥¸œì(€É•ÑÕÉ¸Ù}¥ì)•¹ì(ì()É•…Ñ”½ÈÉ•Á±…”™Õ¹Ñ¥½¸ÁÕ‰±¥Œ¹É•ÍÁ½¹‘}Ñ½}‰Õ¹‘±•}½™™•È¡Á}½™™•É}¥ÕÕ¥°Á}ÍÑ…ÑÕÌÑ•áÐ°Á}½Õ¹Ñ•É}Ñ½Ñ…°¹Õµ•É¥Œ‘•™…Õ±Ð¹Õ±°¤)É•ÑÕÉ¹ÌÕÕ¥)±…¹Õ…”Á±ÁÍÅ°)Í•ÕÉ¥Ñä‘•™¥¹•È)Í•ÐÍ•…É¡}Á…Ñ €ô€œœ)…Ì€)‘•±…É”(€Ù}½™™•ÈÁÕ‰±¥Œ¹‰Õ¹‘±•}½™™•ÉÌ•É½ÝÑåÁ”ì(€Ù}¡…Ñ}¥ÕÕ¥ì)‰•¥¸(€¥˜¹½ÐÁÕ‰±¥Œ¹¥Í}…‘µ¥¸ ¤Ñ¡•¸É…¥Í”•á•ÁÑ¥½¸€=¹±ä-…±•¹Í­¤…¸É•ÍÁ½¹Ñ¼‰Õ¹‘±”½™™•ÉÌ¸œì•¹¥˜ì(€¥˜Á}ÍÑ…ÑÕÌ¹½Ð¥¸€ …•ÁÑ•œ°€½Õ¹Ñ•É•œ°€‘•±¥¹•œ¤Ñ¡•¸É…¥Í”•á•ÁÑ¥½¸€%¹Ù…±¥‰Õ¹‘±”É•ÍÁ½¹Í”¸œì•¹¥˜ì(€Í•±•Ð€¨¥¹Ñ¼Ù}½™™•È™É½´ÁÕ‰±¥Œ¹‰Õ¹‘±•}½™™•ÉÌÝ¡•É”¥€ôÁ}½™™•É}¥™½ÈÕÁ‘…Ñ”ì(€¥˜Ù}½™™•È¹¥¥Ì¹Õ±°Ñ¡•¸É…¥Í”•á•ÁÑ¥½¸€	Õ¹‘±”½™™•È¹½Ð™½Õ¹¸œì•¹¥˜ì(€¥˜Ù}½™™•È¹ÍÑ…ÑÕÌ€ðø€Á•¹‘¥¹œœÑ¡•¸É…¥Í”•á•ÁÑ¥½¸€Q¡¥Ì‰Õ¹‘±”½™™•È¡…Ì…±É•…‘ä‰••¸…¹ÍÝ•É•¸œì•¹¥˜ì(€¥˜Á}ÍÑ…ÑÕÌ€ô€½Õ¹Ñ•É•œ…¹½…±•Í”¡Á}½Õ¹Ñ•É}Ñ½Ñ…°°€À¤€ðô€ÀÑ¡•¸É…¥Í”•á•ÁÑ¥½¸€¹Ñ•È„Ù…±¥½Õ¹Ñ•ÈÑ½Ñ…°¸œì•¹¥˜ì((€ÕÁ‘…Ñ”ÁÕ‰±¥Œ¹‰Õ¹‘±•}½™™•ÉÌÍ•ÐÍÑ…ÑÕÌ€ôÁ}ÍÑ…ÑÕÌ°½Õ¹Ñ•É}Ñ½Ñ…°€ô…Í”Ý¡•¸Á}ÍÑ…ÑÕÌ€ô€½Õ¹Ñ•É•œÑ¡•¸Á}½Õ¹Ñ•É}Ñ½Ñ…°•±Í”¹Õ±°•¹°É•ÍÁ½¹‘•‘}…Ð€ô¹½Ü ¤(€Ý¡•É”¥€ôÁ}½™™•É}¥ì(€¥˜Á}ÍÑ…ÑÕÌ€ô€‘•±¥¹•œÑ¡•¸(€€€¥¹Í•ÉÐ¥¹Ñ¼ÁÕ‰±¥Œ¹¹½Ñ¥™¥…Ñ¥½¹Ì€¡Á±…å•É}¥°µ•ÍÍ…”¤Ù…±Õ•Ì€¡Ù}½™™•È¹‰Õå•É}¥°€e½ÕÈ‰Õ¹‘±”½™™•ÈÝ…Ì‘•±¥¹•¸œ¤ì(€€€É•ÑÕÉ¸¹Õ±°ì(€•¹¥˜ì((€¥¹Í•ÉÐ¥¹Ñ¼ÁÕ‰±¥Œ¹ÁÕÉ¡…Í•}¡…ÑÌ€¡‰Õå•É}¥°…É‘}ÍÕµµ…Éä¤(€Ù…±Õ•Ì€¡Ù}½™™•È¹‰Õå•É}¥°€	U91ƒ
Ü€œñðÙ}½™™•È¹…É‘}ÍÕµµ…Éä¤É•ÑÕÉ¹¥¹œ¥¥¹Ñ¼Ù}¡…Ñ}¥ì(€¥¹Í•ÉÐ¥¹Ñ¼ÁÕ‰±¥Œ¹ÁÕÉ¡…Í•}¡…Ñ}µ•ÍÍ…•Ì€¡¡…Ñ}¥°Í•¹‘•É}¥°‰½‘ä°¥Í}ÍåÍÑ•´¤(€Ù…±Õ•Ì€¡Ù}¡…Ñ}¥°¹Õ±°°…Í”Ý¡•¸Á}ÍÑ…ÑÕÌ€ô€…•ÁÑ•œ(€€€Ñ¡•¸€-…±•¹Í­¤…•ÁÑ•å½ÕÈ‰Õ¹‘±”½™™•È½˜€œñðÙ}½™™•È¹ÁÉ½Á½Í•‘}Ñ½Ñ…°ñð€œ¸½¹™¥É´Ñ¡”™¥¹…°¡…¹‘½Ù•È¡•É”¸œ(€€€•±Í”€-…±•¹Í­¤Í•¹Ð„‰Õ¹‘±”½Õ¹Ñ•É½™™•È½˜€œñðÁ}½Õ¹Ñ•É}Ñ½Ñ…°ñð€œ¸½¹Ñ¥¹Õ”Ñ¡”¹•½Ñ¥…Ñ¥½¸¡•É”¸œ•¹°ÑÉÕ”¤ì(€ÕÁ‘…Ñ”ÁÕ‰±¥Œ¹‰Õ¹‘±•}½™™•ÉÌÍ•Ð¡…Ñ}¥€ôÙ}¡…Ñ}¥Ý¡•É”¥€ôÁ}½™™•É}¥ì(€¥¹Í•ÉÐ¥¹Ñ¼ÁÕ‰±¥Œ¹¹½Ñ¥™¥…Ñ¥½¹Ì€¡Á±…å•É}¥°µ•ÍÍ…”¤(€Ù…±Õ•Ì€¡Ù}½™™•È¹‰Õå•É}¥°…Í”Ý¡•¸Á}ÍÑ…ÑÕÌ€ô€…•ÁÑ•œÑ¡•¸€e½ÕÈ‰Õ¹‘±”½™™•ÈÝ…Ì…•ÁÑ•¸¡…Ð¥ÌÉ•…‘ä¸œ•±Í”€e½ÔÉ••¥Ù•„‰Õ¹‘±”½Õ¹Ñ•É½™™•È¸¡…Ð¥ÌÉ•…‘ä¸œ•¹¤ì(€É•ÑÕÉ¸Ù}¡…Ñ}¥ì)•¹ì(ì()É•Ù½­”…±°½¸™Õ¹Ñ¥½¸ÁÕ‰±¥Œ¹ÅÕ½Ñ•}…ÉÐ¡©Í½¹ˆ°Ñ•áÐ°ÕÕ¥¤™É½´ÁÕ‰±¥Œ°…¹½¸ì)É•Ù½­”…±°½¸™Õ¹Ñ¥½¸ÁÕ‰±¥Œ¹ÁÕÉ¡…Í•}…ÉÐ¡©Í½¹ˆ°Ñ•áÐ°ÕÕ¥°¹Õµ•É¥Œ¤™É½´ÁÕ‰±¥Œ°…¹½¸ì)É•Ù½­”…±°½¸™Õ¹Ñ¥½¸ÁÕ‰±¥Œ¹É•…Ñ•}‰Õ¹‘±•}½™™•È¡©Í½¹ˆ°¹Õµ•É¥Œ¤™É½´ÁÕ‰±¥Œ°…¹½¸ì)É•Ù½­”…±°½¸™Õ¹Ñ¥½¸ÁÕ‰±¥Œ¹É•ÍÁ½¹‘}Ñ½}‰Õ¹‘±•}½™™•È¡ÕÕ¥°Ñ•áÐ°¹Õµ•É¥Œ¤™É½´ÁÕ‰±¥Œ°…¹½¸ì)É…¹Ð•á•ÕÑ”½¸™Õ¹Ñ¥½¸ÁÕ‰±¥Œ¹ÅÕ½Ñ•}…ÉÐ¡©Í½¹ˆ°Ñ•áÐ°ÕÕ¥¤Ñ¼…ÕÑ¡•¹Ñ¥…Ñ•ì)É…¹Ð•á•ÕÑ”½¸™Õ¹Ñ¥½¸ÁÕ‰±¥Œ¹ÁÕÉ¡…Í•}…ÉÐ¡©Í½¹ˆ°Ñ•áÐ°ÕÕ¥°¹Õµ•É¥Œ¤Ñ¼…ÕÑ¡•¹Ñ¥…Ñ•ì)É…¹Ð•á•ÕÑ”½¸™Õ¹Ñ¥½¸ÁÕ‰±¥Œ¹É•…Ñ•}‰Õ¹‘±•}½™™•È¡©Í½¹ˆ°¹Õµ•É¥Œ¤Ñ¼…ÕÑ¡•¹Ñ¥…Ñ•ì)É…¹Ð•á•ÕÑ”½¸™Õ¹Ñ¥½¸ÁÕ‰±¥Œ¹É•ÍÁ½¹‘}Ñ½}‰Õ¹‘±•}½™™•È¡ÕÕ¥°Ñ•áÐ°¹Õµ•É¥Œ¤Ñ¼…ÕÑ¡•¹Ñ¥…Ñ•ì()‘¼€‰•¥¸…±Ñ•ÈÁÕ‰±¥…Ñ¥½¸ÍÕÁ…‰…Í•}É•…±Ñ¥µ”…‘Ñ…‰±”ÁÕ‰±¥Œ¹‰Õ¹‘±•}½™™•ÉÌì•á•ÁÑ¥½¸Ý¡•¸‘ÕÁ±¥…Ñ•}½‰©•ÐÑ¡•¸¹Õ±°ì•¹€ì)‘¼€‰•¥¸…±Ñ•ÈÁÕ‰±¥…Ñ¥½¸ÍÕÁ…‰…Í•}É•…±Ñ¥µ”…‘Ñ…‰±”ÁÕ‰±¥Œ¹…ÕÑ½µ…Ñ¥}‘¥Í½Õ¹ÑÌì•á•ÁÑ¥½¸Ý¡•¸‘ÕÁ±¥…Ñ•}½‰©•ÐÑ¡•¸¹Õ±°ì•¹€ì()½µµ¥Ðì